
Microsoft Visual Studio Solution File, Format Version 12.00
# Visual Studio Version 16
VisualStudioVersion = 16.0.30330.147
MinimumVisualStudioVersion = 10.0.40219.1
Project("{9A19103F-16F7-4668-BE54-9A1E7A4F7556}") = "XamarinMvvm", "XamarinMvvm\XamarinMvvm.csproj", "{3D36BED2-CE2F-4388-A917-9D6CA1774B8C}"
EndProject
Project("{9A19103F-16F7-4668-BE54-9A1E7A4F7556}") = "XamarinIoc", "XamarinIoc\XamarinIoc.csproj", "{53E68EE1-64A5-4DB0-89C6-E521DE39EF43}"
EndProject
Project("{FAE04EC0-301F-11D3-BF4B-00C04F79EFBC}") = "XamarinMvvm.Sample", "XamarinMvvm.Sample\XamarinMvvm.Sample.csproj", "{FD0F7D8E-E13A-4731-8BA6-E24E70C7404C}"
EndProject
Global
	GlobalSection(SolutionConfigurationPlatforms) = preSolution
		Debug|Any CPU = Debug|Any CPU
		Release|Any CPU = Release|Any CPU
	EndGlobalSection
	GlobalSection(ProjectConfigurationPlatforms) = postSolution
		{3D36BED2-CE2F-4388-A917-9D6CA1774B8C}.Debug|Any CPU.ActiveCfg = Debug|Any CPU
		{3D36BED2-CE2F-4388-A917-9D6CA1774B8C}.Debug|Any CPU.Build.0 = Debug|Any CPU
		{3D36BED2-CE2F-4388-A917-9D6CA1774B8C}.Release|Any CPU.ActiveCfg = Release|Any CPU
		{3D36BED2-CE2F-4388-A917-9D6CA1774B8C}.Release|Any CPU.Build.0 = Release|Any CPU
		{53E68EE1-64A5-4DB0-89C6-E521DE39EF43}.Debug|Any CPU.ActiveCfg = Debug|Any CPU
		{53E68EE1-64A5-4DB0-89C6-E521DE39EF43}.Debug|Any CPU.Build.0 = Debug|Any CPU
		{53E68EE1-64A5-4DB0-89C6-E521DE39EF43}.Release|Any CPU.ActiveCfg = Release|Any CPU
		{53E68EE1-64A5-4DB0-89C6-E521DE39EF43}.Release|Any CPU.Build.0 = Release|Any CPU
		{FD0F7D8E-E13A-4731-8BA6-E24E70C7404C}.Debug|Any CPU.ActiveCfg = Debug|Any CPU
		{FD0F7D8E-E13A-4731-8BA6-E24E70C7404C}.Debug|Any CPU.Build.0 = Debug|Any CPU
		{FD0F7D8E-E13A-4731-8BA6-E24E70C7404C}.Release|Any CPU.ActiveCfg = Release|Any CPU
		{FD0F7D8E-E13A-4731-8BA6-E24E70C7404C}.Release|Any CPU.Build.0 = Release|Any CPU
	EndGlobalSection
	GlobalSection(SolutionProperties) = preSolution
		HideSolutionNode = FALSE
	EndGlobalSection
	GlobalSection(ExtensibilityGlobals) = postSolution
		SolutionGuid = {0D74C8A2-2AB3-4816-B25E-2C3989ED813B}
	EndGlobalSection
EndGlobal
